// !$*UTF8*$!
{
	archiveVersion = 1;
	classes = {
	};
	objectVersion = 46;
	objects = {

/* Begin PBXBuildFile section */
		B0DB013A1EC936100043A27D /* BNRAppliance.m in Sources */ = {isa = PBXBuildFile; fileRef = B0DB01391EC936100043A27D /* BNRAppliance.m */; };
		B0DBD2751EC5FBC3006F892F /* main.m in Sources */ = {isa = PBXBuildFile; fileRef = B0DBD2741EC5FBC3006F892F /* main.m */; };
/* End PBXBuildFile section */

/* Begin PBXCopyFilesBuildPhase section */
		B0DBD26F1EC5FBC3006F892F /* CopyFiles */ = {
			isa = PBXCopyFilesBuildPhase;
			buildActionMask = 2147483647;
			dstPath = /usr/share/man/man1/;
			dstSubfolderSpec = 0;
			files = (
			);
			runOnlyForDeploymentPostprocessing = 1;
		};
/* End PBXCopyFilesBuildPhase section */

/* Begin PBXFileReference section */
		B0DB01381EC936100043A27D /* BNRAppliance.h */ = {isa = PBXFileReference; fileEncoding = 4; lastKnownFileType = sourcecode.c.h; path = BNRAppliance.h; sourceTree = "<group>"; };
		B0DB01391EC936100043A27D /* BNRAppliance.m */ = {isa = PBXFileReference; fileEncoding = 4; lastKnownFileType = sourcecode.c.objc; path = BNRAppliance.m; sourceTree = "<group>"; };
		B0DBD2711EC5FBC3006F892F /* Appliance */ = {isa = PBXFileReference; explicitFileType = "compiled.mach-o.executable"; includeInIndex = 0; path = Appliance; sourceTree = BUILT_PRODUCTS_DIR; };
		B0DBD2741EC5FBC3006F892F /* main.m */ = {isa = PBXFileReference; lastKnownFileType = sourcecode.c.objc; path = main.m; sourceTree = "<group>"; };
/* End PBXFileReference section */

/* Begin PBXFrameworksBuildPhase section */
		B0DBD26E1EC5FBC3006F892F /* Frameworks */ = {
			isa = PBXFrameworksBuildPhase;
			buildActionMask = 2147483647;
			files = (
			);
			runOnlyForDeploymentPostprocessing = 0;
		};
/* End PBXFrameworksBuildPhase section */

/* Begin PBXGroup section */
		B0DBD2681EC5FBC3006F892F = {
			isa = PBXGroup;
			children = (
				B0DBD2731EC5FBC3006F892F /* Appliance */,
				B0DBD2721EC5FBC3006F892F /* Products */,
			);
			sourceTree = "<group>";
		};
		B0DBD2721EC5FBC3006F892F /* Products */ = {
			isa = PBXGroup;
			children = (
				B0DBD2711EC5FBC3006F892F /* Appliance */,
			);
			name = Products;
			sourceTree = "<group>";
		};
		B0DBD2731EC5FBC3006F892F /* Appliance */ = {
			isa = PBXGroup;
			children = (
				B0DBD2741EC5FBC3006F892F /* main.m */,
				B0DB01381EC936100043A27D /* BNRAppliance.h */,
				B0DB01391EC936100043A27D /* BNRAppliance.m */,
			);
			path = Appliance;
			sourceTree = "<group>";
		};
/* End PBXGroup section */

/* Begin PBXNativeTarget section */
		B0DBD2701EC5FBC3006F892F /* Appliance */ = {
			isa = PBXNativeTarget;
			buildConfigurationList = B0DBD2781EC5FBC3006F892F /* Build configuration list for PBXNativeTarget "Appliance" */;
			buildPhases = (
				B0DBD26D1EC5FBC3006F892F /* Sources */,
				B0DBD26E1EC5FBC3006F892F /* Frameworks */,
				B0DBD26F1EC5FBC3006F892F /* CopyFiles */,
			);
			buildRules = (
			);
			dependencies = (
			);
			name = Appliance;
			productName = Appliance;
			productReference = B0DBD2711EC5FBC3006F892F /* Appliance */;
			productType = "com.apple.product-type.tool";
		};
/* End PBXNativeTarget section */

/* Begin PBXProject section */
		B0DBD2691EC5FBC3006F892F /* Project object */ = {
			isa = PBXProject;
			attributes = {
				LastUpgradeCheck = 0830;
				ORGANIZATIONNAME = Wayne;
				TargetAttributes = {
					B0DBD2701EC5FBC3006F892F = {
						CreatedOnToolsVersion = 8.3;
						DevelopmentTeam = 8SJXRJ78CW;
						ProvisioningStyle = Automatic;
					};
				};
			};
			buildConfigurationList = B0DBD26C1EC5FBC3006F892F /* Build configuration list for PBXProject "Appliance" */;
			compatibilityVersion = "Xcode 3.2";
			developmentRegion = English;
			hasScannedForEncodings = 0;
			knownRegions = (
				en,
			);
			mainGroup = B0DBD2681EC5FBC3006F892F;
			productRefGroup = B0DBD2721EC5FBC3006F892F /* Products */;
			projectDirPath = "";
			projectRoot = "";
			targets = (
				B0DBD2701EC5FBC3006F892F /* Appliance */,
			);
		};
/* End PBXProject section */

/* Begin PBXSourcesBuildPhase section */
		B0DBD26D1EC5FBC3006F892F /* Sources */ = {
			isa = PBXSourcesBuildPhase;
			buildActionMask = 2147483647;
			files = (
				B0DB013A1EC936100043A27D /* BNRAppliance.m in Sources */,
				B0DBD2751EC5FBC3006F892F /* main.m in Sources */,
			);
			runOnlyForDeploymentPostprocessing = 0;
		};
/* End PBXSourcesBuildPhase section */

/* Begin XCBuildConfiguration section */
		B0DBD2761EC5FBC3006F892F /* Debug */ = {
			isa = XCBuildConfiguration;
			buildSettings = {
				ALWAYS_SEARCH_USER_PATHS = NO;
				CLANG_ANALYZER_NONNULL = YES;
				CLANG_ANALYZER_NUMBER_OBJECT_CONVERSION = YES_AGGRESSIVE;
				CLANG_CXX_LANGUAGE_STANDARD = "gnu++0x";
				CLANG_CXX_LIBRARY = "libc++";
				CLANG_ENABLE_MODULES = YES;
				CLANG_ENABLE_OBJC_ARC = YES;
				CLANG_WARN_BOOL_CONVERSION = YES;
				CLANG_WARN_CONSTANT_CONVERSION = YES;
				CLANG_WARN_DIRECT_OBJC_ISA_USAGE = YES_ERROR;
				CLANG_WARN_DOCUMENTATION_COMMENTS = YES;
				CLANG_WARN_EMPTY_BODY = YES;
				CLANG_WARN_ENUM_CONVERSION = YES;
				CLANG_WARN_INFINITE_RECURSION = YES;
				CLANG_WARN_INT_CONVERSION = YES;
				CLANG_WARN_OBJC_ROOT_CLASS = YES_ERROR;
				CLANG_WARN_SUSPICIOUS_MOVE = YES;
				CLANG_WARN_UNREACHABLE_CODE = YES;
				CLANG_WARN__DUPLICATE_METHOD_MATCH = YES;
				CODE_SIGN_IDENTITY = "-";
				COPY_PHASE_STRIP = NO;
				DEBUG_INFORMATION_FORMAT = dwarf;
				ENABLE_STRICT_OBJC_MSGSEND = YES;
				ENABLE_TESTABILITY = YES;
				GCC_C_LANGUAGE_STANDARD = gnu99;
				GCC_DYNAMIC_NO_PIC = NO;
				GCC_NO_COMMON_BLOCKS = YES;
				GCC_OPTIMIZATION_LEVEL = 0;
				GCC_PREPROCESSOR_DEFINITIONS = (
					"DEBUG=1",
					"$(inherited)",
				);
				GCC_WARN_64_TO_32_BIT_CONVERSION = YES;
				GCC_WARN_ABOUT_RETURN_TYPE = YES_ERROR;
				GCC_WARN_UNDECLARED_SELECTOR = YES;
				GCC_WARN_UNINITIALIZED_AUTOS = YES_AGGRESSIVE;
				GCC_WARN_UNUSED_FUNCTION = YES;
				GCC_WARN_UNUSED_VARIABLE = YES;
				MACOSX_DEPLOYMENT_TARGET = 10.12;
				MTL_ENABLE_DEBUG_INFO = YES;
				ONLY_ACTIVE_ARCH = YES;
				SDKROOT = macosx;
			};
			name = Debug;
		};
		B0DBD2771EC5FBC3006F892F /* Release */ = {
			isa = XCBuildConfiguration;
			buildSettings = {
				ALWAYS_SEARCH_USER_PATHS = NO;
				CLANG_ANALYZER_NONNULL = YES;
				CLANG_ANALYZER_NUMBER_OBJECT_CONVERSION = YES_AGGRESSIVE;
				CLANG_CXX_LANGUAGE_STANDARD = "gnu++0x";
				CLANG_CXX_LIBRARY = "libc++";
				CLANG_ENABLE_MODULES = YES;
				CLANG_ENABLE_OBJC_ARC = YES;
				CLANG_WARN_BOOL_CONVERSION = YES;
				CLANG_WARN_CONSTANT_CONVERSION = YES;
				CLANG_WARN_DIRECT_OBJC_ISA_USAGE = YES_ERROR;
				CLANG_WARN_DOCUMENTATION_COMMENTS = YES;
				CLANG_WARN_EMPTY_BODY = YES;
				CLANG_WARN_ENUM_CONVERSION = YES;
				CLANG_WARN_INFINITE_RECURSION = YES;
				CLANG_WARN_INT_CONVERSION = YES;
				CLANG_WARN_OBJC_ROOT_CLASS = YES_ERROR;
				CLANG_WARN_SUSPICIOUS_MOVE = YES;
				CLANG_WARN_UNREACHABLE_CODE = YES;
				CLANG_WARN__DUPLICATE_METHOD_MATCH = YES;
				CODE_SIGN_IDENTITY = "-";
				COPY_PHASE_STRIP = NO;
				DEBUG_INFORMATION_FORMAT = "dwarf-with-dsym";
				ENABLE_NS_ASSERTIONS = NO;
				ENABLE_STRICT_OBJC_MSGSEND = YES;
				GCC_C_LANGUAGE_STANDARD = gnu99;
				GCC_NO_COMMON_BLOCKS = YES;
				GCC_WARN_64_TO_32_BIT_CONVERSION = YES;
				GCC_WARN_ABOUT_RETURN_TYPE = YES_ERROR;
				GCC_WARN_UNDECLARED_SELECTOR = YES;
				GCC_WARN_UNINITIALIZED_AUTOS = YES_AGGRESSIVE;
				GCC_WARN_UNUSED_FUNCTION = YES;
				GCC_WARN_UNUSED_VARIABLE = YES;
				MACOSX_DEPLOYMENT_TARGET = 10.12;
				MTL_ENABLE_DEBUG_INFO = NO;
				SDKROOT = macosx;
			};
			name = Release;
		};
		B0DBD2791EC5FBC3006F892F /* Debug */ = {
			isa = XCBuildConfiguration;
			buildSettings = {
				DEVELOPMENT_TEAM = 8SJXRJ78CW;
				PRODUCT_NAME = "$(TARGET_NAME)";
			};
			name = Debug;
		};
		B0DBD27A1EC5FBC3006F892F /* Release */ = {
			isa = XCBuildConfiguration;
			buildSettings = {
				DEVELOPMENT_TEAM = 8SJXRJ78CW;
				PRODUCT_NAME = "$(TARGET_NAME)";
			};
			name = Release;
		};
/* End XCBuildConfiguration section */

/* Begin XCConfigurationList section */
		B0DBD26C1EC5FBC3006F892F /* Build configuration list for PBXProject "Appliance" */ = {
			isa = XCConfigurationList;
			buildConfigurations = (
				B0DBD2761EC5FBC3006F892F /* Debug */,
				B0DBD2771EC5FBC3006F892F /* Release */,
			);
			defaultConfigurationIsVisible = 0;
			defaultConfigurationName = Release;
		};
		B0DBD2781EC5FBC3006F892F /* Build configuration list for PBXNativeTarget "Appliance" */ = {
			isa = XCConfigurationList;
			buildConfigurations = (
				B0DBD2791EC5FBC3006F892F /* Debug */,
				B0DBD27A1EC5FBC3006F892F /* Release */,
			);
			defaultConfigurationIsVisible = 0;
			defaultConfigurationName = Release;
		};
/* End XCConfigurationList section */
	};
	rootObject = B0DBD2691EC5FBC3006F892F /* Project object */;
}
