// !$*UTF8*$!
{
	archiveVersion = 1;
	classes = {
	};
	objectVersion = 46;
	objects = {

/* Begin PBXBuildFile section */
		B08F814B1EB85E520085E9D6 /* main.m in Sources */ = {isa = PBXBuildFile; fileRef = B08F814A1EB85E520085E9D6 /* main.m */; };
		B08F81531EB88BAD0085E9D6 /* libreadline.tbd in Frameworks */ = {isa = PBXBuildFile; fileRef = B08F81521EB88BAD0085E9D6 /* libreadline.tbd */; };
/* End PBXBuildFile section */

/* Begin PBXCopyFilesBuildPhase section */
		B08F81451EB85E510085E9D6 /* CopyFiles */ = {
			isa = PBXCopyFilesBuildPhase;
			buildActionMask = 2147483647;
			dstPath = /usr/share/man/man1/;
			dstSubfolderSpec = 0;
			files = (
			);
			runOnlyForDeploymentPostprocessing = 1;
		};
/* End PBXCopyFilesBuildPhase section */

/* Begin PBXFileReference section */
		B08F81471EB85E510085E9D6 /* SecondsHavePassed */ = {isa = PBXFileReference; explicitFileType = "compiled.mach-o.executable"; includeInIndex = 0; path = SecondsHavePassed; sourceTree = BUILT_PRODUCTS_DIR; };
		B08F814A1EB85E520085E9D6 /* main.m */ = {isa = PBXFileReference; lastKnownFileType = sourcecode.c.objc; path = main.m; sourceTree = "<group>"; };
		B08F81521EB88BAD0085E9D6 /* libreadline.tbd */ = {isa = PBXFileReference; lastKnownFileType = "sourcecode.text-based-dylib-definition"; name = libreadline.tbd; path = usr/lib/libreadline.tbd; sourceTree = SDKROOT; };
/* End PBXFileReference section */

/* Begin PBXFrameworksBuildPhase section */
		B08F81441EB85E510085E9D6 /* Frameworks */ = {
			isa = PBXFrameworksBuildPhase;
			buildActionMask = 2147483647;
			files = (
				B08F81531EB88BAD0085E9D6 /* libreadline.tbd in Frameworks */,
			);
			runOnlyForDeploymentPostprocessing = 0;
		};
/* End PBXFrameworksBuildPhase section */

/* Begin PBXGroup section */
		B08F813E1EB85E510085E9D6 = {
			isa = PBXGroup;
			children = (
				B08F81491EB85E510085E9D6 /* SecondsHavePassed */,
				B08F81481EB85E510085E9D6 /* Products */,
				B08F81511EB88BAD0085E9D6 /* Frameworks */,
			);
			sourceTree = "<group>";
		};
		B08F81481EB85E510085E9D6 /* Products */ = {
			isa = PBXGroup;
			children = (
				B08F81471EB85E510085E9D6 /* SecondsHavePassed */,
			);
			name = Products;
			sourceTree = "<group>";
		};
		B08F81491EB85E510085E9D6 /* SecondsHavePassed */ = {
			isa = PBXGroup;
			children = (
				B08F814A1EB85E520085E9D6 /* main.m */,
			);
			path = SecondsHavePassed;
			sourceTree = "<group>";
		};
		B08F81511EB88BAD0085E9D6 /* Frameworks */ = {
			isa = PBXGroup;
			children = (
				B08F81521EB88BAD0085E9D6 /* libreadline.tbd */,
			);
			name = Frameworks;
			sourceTree = "<group>";
		};
/* End PBXGroup section */

/* Begin PBXNativeTarget section */
		B08F81461EB85E510085E9D6 /* SecondsHavePassed */ = {
			isa = PBXNativeTarget;
			buildConfigurationList = B08F814E1EB85E520085E9D6 /* Build configuration list for PBXNativeTarget "SecondsHavePassed" */;
			buildPhases = (
				B08F81431EB85E510085E9D6 /* Sources */,
				B08F81441EB85E510085E9D6 /* Frameworks */,
				B08F81451EB85E510085E9D6 /* CopyFiles */,
			);
			buildRules = (
			);
			dependencies = (
			);
			name = SecondsHavePassed;
			productName = SecondsHavePassed;
			productReference = B08F81471EB85E510085E9D6 /* SecondsHavePassed */;
			productType = "com.apple.product-type.tool";
		};
/* End PBXNativeTarget section */

/* Begin PBXProject section */
		B08F813F1EB85E510085E9D6 /* Project object */ = {
			isa = PBXProject;
			attributes = {
				LastUpgradeCheck = 0830;
				ORGANIZATIONNAME = wayne;
				TargetAttributes = {
					B08F81461EB85E510085E9D6 = {
						CreatedOnToolsVersion = 8.3;
						DevelopmentTeam = 8SJXRJ78CW;
						ProvisioningStyle = Automatic;
					};
				};
			};
			buildConfigurationList = B08F81421EB85E510085E9D6 /* Build configuration list for PBXProject "SecondsHavePassed" */;
			compatibilityVersion = "Xcode 3.2";
			developmentRegion = English;
			hasScannedForEncodings = 0;
			knownRegions = (
				en,
			);
			mainGroup = B08F813E1EB85E510085E9D6;
			productRefGroup = B08F81481EB85E510085E9D6 /* Products */;
			projectDirPath = "";
			projectRoot = "";
			targets = (
				B08F81461EB85E510085E9D6 /* SecondsHavePassed */,
			);
		};
/* End PBXProject section */

/* Begin PBXSourcesBuildPhase section */
		B08F81431EB85E510085E9D6 /* Sources */ = {
			isa = PBXSourcesBuildPhase;
			buildActionMask = 2147483647;
			files = (
				B08F814B1EB85E520085E9D6 /* main.m in Sources */,
			);
			runOnlyForDeploymentPostprocessing = 0;
		};
/* End PBXSourcesBuildPhase section */

/* Begin XCBuildConfiguration section */
		B08F814C1EB85E520085E9D6 /* Debug */ = {
			isa = XCBuildConfiguration;
			buildSettings = {
				ALWAYS_SEARCH_USER_PATHS = NO;
				CLANG_ANALYZER_NONNULL = YES;
				CLANG_ANALYZER_NUMBER_OBJECT_CONVERSION = YES_AGGRESSIVE;
				CLANG_CXX_LANGUAGE_STANDARD = "gnu++0x";
				CLANG_CXX_LIBRARY = "libc++";
				CLANG_ENABLE_MODULES = YES;
				CLANG_ENABLE_OBJC_ARC = YES;
				CLANG_WARN_BOOL_CONVERSION = YES;
				CLANG_WARN_CONSTANT_CONVERSION = YES;
				CLANG_WARN_DIRECT_OBJC_ISA_USAGE = YES_ERROR;
				CLANG_WARN_DOCUMENTATION_COMMENTS = YES;
				CLANG_WARN_EMPTY_BODY = YES;
				CLANG_WARN_ENUM_CONVERSION = YES;
				CLANG_WARN_INFINITE_RECURSION = YES;
				CLANG_WARN_INT_CONVERSION = YES;
				CLANG_WARN_OBJC_ROOT_CLASS = YES_ERROR;
				CLANG_WARN_SUSPICIOUS_MOVE = YES;
				CLANG_WARN_UNREACHABLE_CODE = YES;
				CLANG_WARN__DUPLICATE_METHOD_MATCH = YES;
				CODE_SIGN_IDENTITY = "-";
				COPY_PHASE_STRIP = NO;
				DEBUG_INFORMATION_FORMAT = dwarf;
				ENABLE_STRICT_OBJC_MSGSEND = YES;
				ENABLE_TESTABILITY = YES;
				GCC_C_LANGUAGE_STANDARD = gnu99;
				GCC_DYNAMIC_NO_PIC = NO;
				GCC_NO_COMMON_BLOCKS = YES;
				GCC_OPTIMIZATION_LEVEL = 0;
				GCC_PREPROCESSOR_DEFINITIONS = (
					"DEBUG=1",
					"$(inherited)",
				);
				GCC_WARN_64_TO_32_BIT_CONVERSION = YES;
				GCC_WARN_ABOUT_RETURN_TYPE = YES_ERROR;
				GCC_WARN_UNDECLARED_SELECTOR = YES;
				GCC_WARN_UNINITIALIZED_AUTOS = YES_AGGRESSIVE;
				GCC_WARN_UNUSED_FUNCTION = YES;
				GCC_WARN_UNUSED_VARIABLE = YES;
				MACOSX_DEPLOYMENT_TARGET = 10.12;
				MTL_ENABLE_DEBUG_INFO = YES;
				ONLY_ACTIVE_ARCH = YES;
				SDKROOT = macosx;
			};
			name = Debug;
		};
		B08F814D1EB85E520085E9D6 /* Release */ = {
			isa = XCBuildConfiguration;
			buildSettings = {
				ALWAYS_SEARCH_USER_PATHS = NO;
				CLANG_ANALYZER_NONNULL = YES;
				CLANG_ANALYZER_NUMBER_OBJECT_CONVERSION = YES_AGGRESSIVE;
				CLANG_CXX_LANGUAGE_STANDARD = "gnu++0x";
				CLANG_CXX_LIBRARY = "libc++";
				CLANG_ENABLE_MODULES = YES;
				CLANG_ENABLE_OBJC_ARC = YES;
				CLANG_WARN_BOOL_CONVERSION = YES;
				CLANG_WARN_CONSTANT_CONVERSION = YES;
				CLANG_WARN_DIRECT_OBJC_ISA_USAGE = YES_ERROR;
				CLANG_WARN_DOCUMENTATION_COMMENTS = YES;
				CLANG_WARN_EMPTY_BODY = YES;
				CLANG_WARN_ENUM_CONVERSION = YES;
				CLANG_WARN_INFINITE_RECURSION = YES;
				CLANG_WARN_INT_CONVERSION = YES;
				CLANG_WARN_OBJC_ROOT_CLASS = YES_ERROR;
				CLANG_WARN_SUSPICIOUS_MOVE = YES;
				CLANG_WARN_UNREACHABLE_CODE = YES;
				CLANG_WARN__DUPLICATE_METHOD_MATCH = YES;
				CODE_SIGN_IDENTITY = "-";
				COPY_PHASE_STRIP = NO;
				DEBUG_INFORMATION_FORMAT = "dwarf-with-dsym";
				ENABLE_NS_ASSERTIONS = NO;
				ENABLE_STRICT_OBJC_MSGSEND = YES;
				GCC_C_LANGUAGE_STANDARD = gnu99;
				GCC_NO_COMMON_BLOCKS = YES;
				GCC_WARN_64_TO_32_BIT_CONVERSION = YES;
				GCC_WARN_ABOUT_RETURN_TYPE = YES_ERROR;
				GCC_WARN_UNDECLARED_SELECTOR = YES;
				GCC_WARN_UNINITIALIZED_AUTOS = YES_AGGRESSIVE;
				GCC_WARN_UNUSED_FUNCTION = YES;
				GCC_WARN_UNUSED_VARIABLE = YES;
				MACOSX_DEPLOYMENT_TARGET = 10.12;
				MTL_ENABLE_DEBUG_INFO = NO;
				SDKROOT = macosx;
			};
			name = Release;
		};
		B08F814F1EB85E520085E9D6 /* Debug */ = {
			isa = XCBuildConfiguration;
			buildSettings = {
				DEVELOPMENT_TEAM = 8SJXRJ78CW;
				PRODUCT_NAME = "$(TARGET_NAME)";
			};
			name = Debug;
		};
		B08F81501EB85E520085E9D6 /* Release */ = {
			isa = XCBuildConfiguration;
			buildSettings = {
				DEVELOPMENT_TEAM = 8SJXRJ78CW;
				PRODUCT_NAME = "$(TARGET_NAME)";
			};
			name = Release;
		};
/* End XCBuildConfiguration section */

/* Begin XCConfigurationList section */
		B08F81421EB85E510085E9D6 /* Build configuration list for PBXProject "SecondsHavePassed" */ = {
			isa = XCConfigurationList;
			buildConfigurations = (
				B08F814C1EB85E520085E9D6 /* Debug */,
				B08F814D1EB85E520085E9D6 /* Release */,
			);
			defaultConfigurationIsVisible = 0;
			defaultConfigurationName = Release;
		};
		B08F814E1EB85E520085E9D6 /* Build configuration list for PBXNativeTarget "SecondsHavePassed" */ = {
			isa = XCConfigurationList;
			buildConfigurations = (
				B08F814F1EB85E520085E9D6 /* Debug */,
				B08F81501EB85E520085E9D6 /* Release */,
			);
			defaultConfigurationIsVisible = 0;
			defaultConfigurationName = Release;
		};
/* End XCConfigurationList section */
	};
	rootObject = B08F813F1EB85E510085E9D6 /* Project object */;
}
